
Microsoft Visual Studio Solution File, Format Version 12.00
# Visual Studio Version 17
VisualStudioVersion = 17.0.31903.59
MinimumVisualStudioVersion = 10.0.40219.1
Project("{2150E333-8FDC-42A3-9474-1A3956D46DE8}") = "src", "src", "{827E0CD3-B72D-47B6-A68D-7590B98EB39B}"
EndProject
Project("{FAE04EC0-301F-11D3-BF4B-00C04F79EFBC}") = "AiRepoKit.Cli", "src\AiRepoKit.Cli\AiRepoKit.Cli.csproj", "{D1FAEBA8-3F7E-45A5-BD0C-9C8E2CBB59FF}"
EndProject
Project("{2150E333-8FDC-42A3-9474-1A3956D46DE8}") = "tests", "tests", "{0AB3BF05-4346-4AA6-1389-037BE0695223}"
EndProject
Project("{FAE04EC0-301F-11D3-BF4B-00C04F79EFBC}") = "AiRepoKit.Cli.Tests", "tests\AiRepoKit.Cli.Tests\AiRepoKit.Cli.Tests.csproj", "{FE5CB251-D14C-48BF-81BD-3776DBFABA67}"
EndProject
Project("{FAE04EC0-301F-11D3-BF4B-00C04F79EFBC}") = "AiRepoKit.Spec", "src\AiRepoKit.Spec\AiRepoKit.Spec.csproj", "{9A06019E-18A2-4079-B69A-8522C8AFD2AE}"
EndProject
Project("{FAE04EC0-301F-11D3-BF4B-00C04F79EFBC}") = "AiRepoKit.Agents.Abstractions", "src\AiRepoKit.Agents.Abstractions\AiRepoKit.Agents.Abstractions.csproj", "{F4D34132-12D1-416A-BA1B-3E71D41546AA}"
EndProject
Project("{FAE04EC0-301F-11D3-BF4B-00C04F79EFBC}") = "AiRepoKit.Agents.Abstractions.Tests", "tests\AiRepoKit.Agents.Abstractions.Tests\AiRepoKit.Agents.Abstractions.Tests.csproj", "{545452E3-1992-45FA-A58B-3E4156E1E0CB}"
EndProject
Project("{FAE04EC0-301F-11D3-BF4B-00C04F79EFBC}") = "AiRepoKit.Agents.Antigravity", "src\AiRepoKit.Agents.Antigravity\AiRepoKit.Agents.Antigravity.csproj", "{6E82B2E4-FA6B-46CD-BFF2-8959C51D2A42}"
EndProject
Project("{FAE04EC0-301F-11D3-BF4B-00C04F79EFBC}") = "AiRepoKit.Agents.Antigravity.Tests", "tests\AiRepoKit.Agents.Antigravity.Tests\AiRepoKit.Agents.Antigravity.Tests.csproj", "{3A81878E-B9D8-4BA6-A484-ED4E0FF4C458}"
EndProject
Project("{FAE04EC0-301F-11D3-BF4B-00C04F79EFBC}") = "AiRepoKit.Agents.Codex", "src\AiRepoKit.Agents.Codex\AiRepoKit.Agents.Codex.csproj", "{A8C91D32-9F1B-4E7A-B147-9C5A86D4869E}"
EndProject
Project("{FAE04EC0-301F-11D3-BF4B-00C04F79EFBC}") = "AiRepoKit.Agents.Codex.Tests", "tests\AiRepoKit.Agents.Codex.Tests\AiRepoKit.Agents.Codex.Tests.csproj", "{B39E8412-45DC-42A9-91EF-5B8B18CA6D71}"
EndProject
Project("{FAE04EC0-301F-11D3-BF4B-00C04F79EFBC}") = "AiRepoKit.Agents.Runtime", "src\AiRepoKit.Agents.Runtime\AiRepoKit.Agents.Runtime.csproj", "{22D6F345-3C92-4789-8A16-77DE02D9823D}"
EndProject
Project("{FAE04EC0-301F-11D3-BF4B-00C04F79EFBC}") = "AiRepoKit.Agents.Runtime.Tests", "tests\AiRepoKit.Agents.Runtime.Tests\AiRepoKit.Agents.Runtime.Tests.csproj", "{FAFE787A-8514-4E1F-A508-255985E0E94F}"
EndProject
Project("{FAE04EC0-301F-11D3-BF4B-00C04F79EFBC}") = "AiRepoKit.Execution", "src\AiRepoKit.Execution\AiRepoKit.Execution.csproj", "{BBFFEF28-8949-4B05-91C1-95392E651AF5}"
EndProject
Project("{FAE04EC0-301F-11D3-BF4B-00C04F79EFBC}") = "AiRepoKit.Execution.Tests", "tests\AiRepoKit.Execution.Tests\AiRepoKit.Execution.Tests.csproj", "{B9485A95-0148-4EBA-9E0B-C2F82E040280}"
EndProject
Global
	GlobalSection(SolutionConfigurationPlatforms) = preSolution
		Debug|Any CPU = Debug|Any CPU
		Debug|x64 = Debug|x64
		Debug|x86 = Debug|x86
		Release|Any CPU = Release|Any CPU
		Release|x64 = Release|x64
		Release|x86 = Release|x86
	EndGlobalSection
	GlobalSection(ProjectConfigurationPlatforms) = postSolution
		{D1FAEBA8-3F7E-45A5-BD0C-9C8E2CBB59FF}.Debug|Any CPU.ActiveCfg = Debug|Any CPU
		{D1FAEBA8-3F7E-45A5-BD0C-9C8E2CBB59FF}.Debug|Any CPU.Build.0 = Debug|Any CPU
		{D1FAEBA8-3F7E-45A5-BD0C-9C8E2CBB59FF}.Debug|x64.ActiveCfg = Debug|Any CPU
		{D1FAEBA8-3F7E-45A5-BD0C-9C8E2CBB59FF}.Debug|x64.Build.0 = Debug|Any CPU
		{D1FAEBA8-3F7E-45A5-BD0C-9C8E2CBB59FF}.Debug|x86.ActiveCfg = Debug|Any CPU
		{D1FAEBA8-3F7E-45A5-BD0C-9C8E2CBB59FF}.Debug|x86.Build.0 = Debug|Any CPU
		{D1FAEBA8-3F7E-45A5-BD0C-9C8E2CBB59FF}.Release|Any CPU.ActiveCfg = Release|Any CPU
		{D1FAEBA8-3F7E-45A5-BD0C-9C8E2CBB59FF}.Release|Any CPU.Build.0 = Release|Any CPU
		{D1FAEBA8-3F7E-45A5-BD0C-9C8E2CBB59FF}.Release|x64.ActiveCfg = Release|Any CPU
		{D1FAEBA8-3F7E-45A5-BD0C-9C8E2CBB59FF}.Release|x64.Build.0 = Release|Any CPU
		{D1FAEBA8-3F7E-45A5-BD0C-9C8E2CBB59FF}.Release|x86.ActiveCfg = Release|Any CPU
		{D1FAEBA8-3F7E-45A5-BD0C-9C8E2CBB59FF}.Release|x86.Build.0 = Release|Any CPU
		{FE5CB251-D14C-48BF-81BD-3776DBFABA67}.Debug|Any CPU.ActiveCfg = Debug|Any CPU
		{FE5CB251-D14C-48BF-81BD-3776DBFABA67}.Debug|Any CPU.Build.0 = Debug|Any CPU
		{FE5CB251-D14C-48BF-81BD-3776DBFABA67}.Debug|x64.ActiveCfg = Debug|Any CPU
		{FE5CB251-D14C-48BF-81BD-3776DBFABA67}.Debug|x64.Build.0 = Debug|Any CPU
		{FE5CB251-D14C-48BF-81BD-3776DBFABA67}.Debug|x86.ActiveCfg = Debug|Any CPU
		{FE5CB251-D14C-48BF-81BD-3776DBFABA67}.Debug|x86.Build.0 = Debug|Any CPU
		{FE5CB251-D14C-48BF-81BD-3776DBFABA67}.Release|Any CPU.ActiveCfg = Release|Any CPU
		{FE5CB251-D14C-48BF-81BD-3776DBFABA67}.Release|Any CPU.Build.0 = Release|Any CPU
		{FE5CB251-D14C-48BF-81BD-3776DBFABA67}.Release|x64.ActiveCfg = Release|Any CPU
		{FE5CB251-D14C-48BF-81BD-3776DBFABA67}.Release|x64.Build.0 = Release|Any CPU
		{FE5CB251-D14C-48BF-81BD-3776DBFABA67}.Release|x86.ActiveCfg = Release|Any CPU
		{FE5CB251-D14C-48BF-81BD-3776DBFABA67}.Release|x86.Build.0 = Release|Any CPU
		{9A06019E-18A2-4079-B69A-8522C8AFD2AE}.Debug|Any CPU.ActiveCfg = Debug|Any CPU
		{9A06019E-18A2-4079-B69A-8522C8AFD2AE}.Debug|Any CPU.Build.0 = Debug|Any CPU
		{9A06019E-18A2-4079-B69A-8522C8AFD2AE}.Debug|x64.ActiveCfg = Debug|Any CPU
		{9A06019E-18A2-4079-B69A-8522C8AFD2AE}.Debug|x64.Build.0 = Debug|Any CPU
		{9A06019E-18A2-4079-B69A-8522C8AFD2AE}.Debug|x86.ActiveCfg = Debug|Any CPU
		{9A06019E-18A2-4079-B69A-8522C8AFD2AE}.Debug|x86.Build.0 = Debug|Any CPU
		{9A06019E-18A2-4079-B69A-8522C8AFD2AE}.Release|Any CPU.ActiveCfg = Release|Any CPU
		{9A06019E-18A2-4079-B69A-8522C8AFD2AE}.Release|Any CPU.Build.0 = Release|Any CPU
		{9A06019E-18A2-4079-B69A-8522C8AFD2AE}.Release|x64.ActiveCfg = Release|Any CPU
		{9A06019E-18A2-4079-B69A-8522C8AFD2AE}.Release|x64.Build.0 = Release|Any CPU
		{9A06019E-18A2-4079-B69A-8522C8AFD2AE}.Release|x86.ActiveCfg = Release|Any CPU
		{9A06019E-18A2-4079-B69A-8522C8AFD2AE}.Release|x86.Build.0 = Release|Any CPU
		{F4D34132-12D1-416A-BA1B-3E71D41546AA}.Debug|Any CPU.ActiveCfg = Debug|Any CPU
		{F4D34132-12D1-416A-BA1B-3E71D41546AA}.Debug|Any CPU.Build.0 = Debug|Any CPU
		{F4D34132-12D1-416A-BA1B-3E71D41546AA}.Debug|x64.ActiveCfg = Debug|Any CPU
		{F4D34132-12D1-416A-BA1B-3E71D41546AA}.Debug|x64.Build.0 = Debug|Any CPU
		{F4D34132-12D1-416A-BA1B-3E71D41546AA}.Debug|x86.ActiveCfg = Debug|Any CPU
		{F4D34132-12D1-416A-BA1B-3E71D41546AA}.Debug|x86.Build.0 = Debug|Any CPU
		{F4D34132-12D1-416A-BA1B-3E71D41546AA}.Release|Any CPU.ActiveCfg = Release|Any CPU
		{F4D34132-12D1-416A-BA1B-3E71D41546AA}.Release|Any CPU.Build.0 = Release|Any CPU
		{F4D34132-12D1-416A-BA1B-3E71D41546AA}.Release|x64.ActiveCfg = Release|Any CPU
		{F4D34132-12D1-416A-BA1B-3E71D41546AA}.Release|x64.Build.0 = Release|Any CPU
		{F4D34132-12D1-416A-BA1B-3E71D41546AA}.Release|x86.ActiveCfg = Release|Any CPU
		{F4D34132-12D1-416A-BA1B-3E71D41546AA}.Release|x86.Build.0 = Release|Any CPU
		{545452E3-1992-45FA-A58B-3E4156E1E0CB}.Debug|Any CPU.ActiveCfg = Debug|Any CPU
		{545452E3-1992-45FA-A58B-3E4156E1E0CB}.Debug|Any CPU.Build.0 = Debug|Any CPU
		{545452E3-1992-45FA-A58B-3E4156E1E0CB}.Debug|x64.ActiveCfg = Debug|Any CPU
		{545452E3-1992-45FA-A58B-3E4156E1E0CB}.Debug|x64.Build.0 = Debug|Any CPU
		{545452E3-1992-45FA-A58B-3E4156E1E0CB}.Debug|x86.ActiveCfg = Debug|Any CPU
		{545452E3-1992-45FA-A58B-3E4156E1E0CB}.Debug|x86.Build.0 = Debug|Any CPU
		{545452E3-1992-45FA-A58B-3E4156E1E0CB}.Release|Any CPU.ActiveCfg = Release|Any CPU
		{545452E3-1992-45FA-A58B-3E4156E1E0CB}.Release|Any CPU.Build.0 = Release|Any CPU
		{545452E3-1992-45FA-A58B-3E4156E1E0CB}.Release|x64.ActiveCfg = Release|Any CPU
		{545452E3-1992-45FA-A58B-3E4156E1E0CB}.Release|x64.Build.0 = Release|Any CPU
		{545452E3-1992-45FA-A58B-3E4156E1E0CB}.Release|x86.ActiveCfg = Release|Any CPU
		{545452E3-1992-45FA-A58B-3E4156E1E0CB}.Release|x86.Build.0 = Release|Any CPU
		{6E82B2E4-FA6B-46CD-BFF2-8959C51D2A42}.Debug|Any CPU.ActiveCfg = Debug|Any CPU
		{6E82B2E4-FA6B-46CD-BFF2-8959C51D2A42}.Debug|Any CPU.Build.0 = Debug|Any CPU
		{6E82B2E4-FA6B-46CD-BFF2-8959C51D2A42}.Debug|x64.ActiveCfg = Debug|Any CPU
		{6E82B2E4-FA6B-46CD-BFF2-8959C51D2A42}.Debug|x64.Build.0 = Debug|Any CPU
		{6E82B2E4-FA6B-46CD-BFF2-8959C51D2A42}.Debug|x86.ActiveCfg = Debug|Any CPU
		{6E82B2E4-FA6B-46CD-BFF2-8959C51D2A42}.Debug|x86.Build.0 = Debug|Any CPU
		{6E82B2E4-FA6B-46CD-BFF2-8959C51D2A42}.Release|Any CPU.ActiveCfg = Release|Any CPU
		{6E82B2E4-FA6B-46CD-BFF2-8959C51D2A42}.Release|Any CPU.Build.0 = Release|Any CPU
		{6E82B2E4-FA6B-46CD-BFF2-8959C51D2A42}.Release|x64.ActiveCfg = Release|Any CPU
		{6E82B2E4-FA6B-46CD-BFF2-8959C51D2A42}.Release|x64.Build.0 = Release|Any CPU
		{6E82B2E4-FA6B-46CD-BFF2-8959C51D2A42}.Release|x86.ActiveCfg = Release|Any CPU
		{6E82B2E4-FA6B-46CD-BFF2-8959C51D2A42}.Release|x86.Build.0 = Release|Any CPU
		{3A81878E-B9D8-4BA6-A484-ED4E0FF4C458}.Debug|Any CPU.ActiveCfg = Debug|Any CPU
		{3A81878E-B9D8-4BA6-A484-ED4E0FF4C458}.Debug|Any CPU.Build.0 = Debug|Any CPU
		{3A81878E-B9D8-4BA6-A484-ED4E0FF4C458}.Debug|x64.ActiveCfg = Debug|Any CPU
		{3A81878E-B9D8-4BA6-A484-ED4E0FF4C458}.Debug|x64.Build.0 = Debug|Any CPU
		{3A81878E-B9D8-4BA6-A484-ED4E0FF4C458}.Debug|x86.ActiveCfg = Debug|Any CPU
		{3A81878E-B9D8-4BA6-A484-ED4E0FF4C458}.Debug|x86.Build.0 = Debug|Any CPU
		{3A81878E-B9D8-4BA6-A484-ED4E0FF4C458}.Release|Any CPU.ActiveCfg = Release|Any CPU
		{3A81878E-B9D8-4BA6-A484-ED4E0FF4C458}.Release|Any CPU.Build.0 = Release|Any CPU
		{3A81878E-B9D8-4BA6-A484-ED4E0FF4C458}.Release|x64.ActiveCfg = Release|Any CPU
		{3A81878E-B9D8-4BA6-A484-ED4E0FF4C458}.Release|x64.Build.0 = Release|Any CPU
		{3A81878E-B9D8-4BA6-A484-ED4E0FF4C458}.Release|x86.ActiveCfg = Release|Any CPU
		{3A81878E-B9D8-4BA6-A484-ED4E0FF4C458}.Release|x86.Build.0 = Release|Any CPU
		{A8C91D32-9F1B-4E7A-B147-9C5A86D4869E}.Debug|Any CPU.ActiveCfg = Debug|Any CPU
		{A8C91D32-9F1B-4E7A-B147-9C5A86D4869E}.Debug|Any CPU.Build.0 = Debug|Any CPU
		{A8C91D32-9F1B-4E7A-B147-9C5A86D4869E}.Debug|x64.ActiveCfg = Debug|Any CPU
		{A8C91D32-9F1B-4E7A-B147-9C5A86D4869E}.Debug|x64.Build.0 = Debug|Any CPU
		{A8C91D32-9F1B-4E7A-B147-9C5A86D4869E}.Debug|x86.ActiveCfg = Debug|Any CPU
		{A8C91D32-9F1B-4E7A-B147-9C5A86D4869E}.Debug|x86.Build.0 = Debug|Any CPU
		{A8C91D32-9F1B-4E7A-B147-9C5A86D4869E}.Release|Any CPU.ActiveCfg = Release|Any CPU
		{A8C91D32-9F1B-4E7A-B147-9C5A86D4869E}.Release|Any CPU.Build.0 = Release|Any CPU
		{A8C91D32-9F1B-4E7A-B147-9C5A86D4869E}.Release|x64.ActiveCfg = Release|Any CPU
		{A8C91D32-9F1B-4E7A-B147-9C5A86D4869E}.Release|x64.Build.0 = Release|Any CPU
		{A8C91D32-9F1B-4E7A-B147-9C5A86D4869E}.Release|x86.ActiveCfg = Release|Any CPU
		{A8C91D32-9F1B-4E7A-B147-9C5A86D4869E}.Release|x86.Build.0 = Release|Any CPU
		{B39E8412-45DC-42A9-91EF-5B8B18CA6D71}.Debug|Any CPU.ActiveCfg = Debug|Any CPU
		{B39E8412-45DC-42A9-91EF-5B8B18CA6D71}.Debug|Any CPU.Build.0 = Debug|Any CPU
		{B39E8412-45DC-42A9-91EF-5B8B18CA6D71}.Debug|x64.ActiveCfg = Debug|Any CPU
		{B39E8412-45DC-42A9-91EF-5B8B18CA6D71}.Debug|x64.Build.0 = Debug|Any CPU
		{B39E8412-45DC-42A9-91EF-5B8B18CA6D71}.Debug|x86.ActiveCfg = Debug|Any CPU
		{B39E8412-45DC-42A9-91EF-5B8B18CA6D71}.Debug|x86.Build.0 = Debug|Any CPU
		{B39E8412-45DC-42A9-91EF-5B8B18CA6D71}.Release|Any CPU.ActiveCfg = Release|Any CPU
		{B39E8412-45DC-42A9-91EF-5B8B18CA6D71}.Release|Any CPU.Build.0 = Release|Any CPU
		{B39E8412-45DC-42A9-91EF-5B8B18CA6D71}.Release|x64.ActiveCfg = Release|Any CPU
		{B39E8412-45DC-42A9-91EF-5B8B18CA6D71}.Release|x64.Build.0 = Release|Any CPU
		{B39E8412-45DC-42A9-91EF-5B8B18CA6D71}.Release|x86.ActiveCfg = Release|Any CPU
		{B39E8412-45DC-42A9-91EF-5B8B18CA6D71}.Release|x86.Build.0 = Release|Any CPU
		{22D6F345-3C92-4789-8A16-77DE02D9823D}.Debug|Any CPU.ActiveCfg = Debug|Any CPU
		{22D6F345-3C92-4789-8A16-77DE02D9823D}.Debug|Any CPU.Build.0 = Debug|Any CPU
		{22D6F345-3C92-4789-8A16-77DE02D9823D}.Debug|x64.ActiveCfg = Debug|Any CPU
		{22D6F345-3C92-4789-8A16-77DE02D9823D}.Debug|x64.Build.0 = Debug|Any CPU
		{22D6F345-3C92-4789-8A16-77DE02D9823D}.Debug|x86.ActiveCfg = Debug|Any CPU
		{22D6F345-3C92-4789-8A16-77DE02D9823D}.Debug|x86.Build.0 = Debug|Any CPU
		{22D6F345-3C92-4789-8A16-77DE02D9823D}.Release|Any CPU.ActiveCfg = Release|Any CPU
		{22D6F345-3C92-4789-8A16-77DE02D9823D}.Release|Any CPU.Build.0 = Release|Any CPU
		{22D6F345-3C92-4789-8A16-77DE02D9823D}.Release|x64.ActiveCfg = Release|Any CPU
		{22D6F345-3C92-4789-8A16-77DE02D9823D}.Release|x64.Build.0 = Release|Any CPU
		{22D6F345-3C92-4789-8A16-77DE02D9823D}.Release|x86.ActiveCfg = Release|Any CPU
		{22D6F345-3C92-4789-8A16-77DE02D9823D}.Release|x86.Build.0 = Release|Any CPU
		{FAFE787A-8514-4E1F-A508-255985E0E94F}.Debug|Any CPU.ActiveCfg = Debug|Any CPU
		{FAFE787A-8514-4E1F-A508-255985E0E94F}.Debug|Any CPU.Build.0 = Debug|Any CPU
		{FAFE787A-8514-4E1F-A508-255985E0E94F}.Debug|x64.ActiveCfg = Debug|Any CPU
		{FAFE787A-8514-4E1F-A508-255985E0E94F}.Debug|x64.Build.0 = Debug|Any CPU
		{FAFE787A-8514-4E1F-A508-255985E0E94F}.Debug|x86.ActiveCfg = Debug|Any CPU
		{FAFE787A-8514-4E1F-A508-255985E0E94F}.Debug|x86.Build.0 = Debug|Any CPU
		{FAFE787A-8514-4E1F-A508-255985E0E94F}.Release|Any CPU.ActiveCfg = Release|Any CPU
		{FAFE787A-8514-4E1F-A508-255985E0E94F}.Release|Any CPU.Build.0 = Release|Any CPU
		{FAFE787A-8514-4E1F-A508-255985E0E94F}.Release|x64.ActiveCfg = Release|Any CPU
		{FAFE787A-8514-4E1F-A508-255985E0E94F}.Release|x64.Build.0 = Release|Any CPU
		{FAFE787A-8514-4E1F-A508-255985E0E94F}.Release|x86.ActiveCfg = Release|Any CPU
		{FAFE787A-8514-4E1F-A508-255985E0E94F}.Release|x86.Build.0 = Release|Any CPU
		{BBFFEF28-8949-4B05-91C1-95392E651AF5}.Debug|Any CPU.ActiveCfg = Debug|Any CPU
		{BBFFEF28-8949-4B05-91C1-95392E651AF5}.Debug|Any CPU.Build.0 = Debug|Any CPU
		{BBFFEF28-8949-4B05-91C1-95392E651AF5}.Debug|x64.ActiveCfg = Debug|Any CPU
		{BBFFEF28-8949-4B05-91C1-95392E651AF5}.Debug|x64.Build.0 = Debug|Any CPU
		{BBFFEF28-8949-4B05-91C1-95392E651AF5}.Debug|x86.ActiveCfg = Debug|Any CPU
		{BBFFEF28-8949-4B05-91C1-95392E651AF5}.Debug|x86.Build.0 = Debug|Any CPU
		{BBFFEF28-8949-4B05-91C1-95392E651AF5}.Release|Any CPU.ActiveCfg = Release|Any CPU
		{BBFFEF28-8949-4B05-91C1-95392E651AF5}.Release|Any CPU.Build.0 = Release|Any CPU
		{BBFFEF28-8949-4B05-91C1-95392E651AF5}.Release|x64.ActiveCfg = Release|Any CPU
		{BBFFEF28-8949-4B05-91C1-95392E651AF5}.Release|x64.Build.0 = Release|Any CPU
		{BBFFEF28-8949-4B05-91C1-95392E651AF5}.Release|x86.ActiveCfg = Release|Any CPU
		{BBFFEF28-8949-4B05-91C1-95392E651AF5}.Release|x86.Build.0 = Release|Any CPU
		{B9485A95-0148-4EBA-9E0B-C2F82E040280}.Debug|Any CPU.ActiveCfg = Debug|Any CPU
		{B9485A95-0148-4EBA-9E0B-C2F82E040280}.Debug|Any CPU.Build.0 = Debug|Any CPU
		{B9485A95-0148-4EBA-9E0B-C2F82E040280}.Debug|x64.ActiveCfg = Debug|Any CPU
		{B9485A95-0148-4EBA-9E0B-C2F82E040280}.Debug|x64.Build.0 = Debug|Any CPU
		{B9485A95-0148-4EBA-9E0B-C2F82E040280}.Debug|x86.ActiveCfg = Debug|Any CPU
		{B9485A95-0148-4EBA-9E0B-C2F82E040280}.Debug|x86.Build.0 = Debug|Any CPU
		{B9485A95-0148-4EBA-9E0B-C2F82E040280}.Release|Any CPU.ActiveCfg = Release|Any CPU
		{B9485A95-0148-4EBA-9E0B-C2F82E040280}.Release|Any CPU.Build.0 = Release|Any CPU
		{B9485A95-0148-4EBA-9E0B-C2F82E040280}.Release|x64.ActiveCfg = Release|Any CPU
		{B9485A95-0148-4EBA-9E0B-C2F82E040280}.Release|x64.Build.0 = Release|Any CPU
		{B9485A95-0148-4EBA-9E0B-C2F82E040280}.Release|x86.ActiveCfg = Release|Any CPU
		{B9485A95-0148-4EBA-9E0B-C2F82E040280}.Release|x86.Build.0 = Release|Any CPU
	EndGlobalSection
	GlobalSection(SolutionProperties) = preSolution
		HideSolutionNode = FALSE
	EndGlobalSection
	GlobalSection(NestedProjects) = preSolution
		{D1FAEBA8-3F7E-45A5-BD0C-9C8E2CBB59FF} = {827E0CD3-B72D-47B6-A68D-7590B98EB39B}
		{FE5CB251-D14C-48BF-81BD-3776DBFABA67} = {0AB3BF05-4346-4AA6-1389-037BE0695223}
		{9A06019E-18A2-4079-B69A-8522C8AFD2AE} = {827E0CD3-B72D-47B6-A68D-7590B98EB39B}
		{F4D34132-12D1-416A-BA1B-3E71D41546AA} = {827E0CD3-B72D-47B6-A68D-7590B98EB39B}
		{545452E3-1992-45FA-A58B-3E4156E1E0CB} = {0AB3BF05-4346-4AA6-1389-037BE0695223}
		{6E82B2E4-FA6B-46CD-BFF2-8959C51D2A42} = {827E0CD3-B72D-47B6-A68D-7590B98EB39B}
		{3A81878E-B9D8-4BA6-A484-ED4E0FF4C458} = {0AB3BF05-4346-4AA6-1389-037BE0695223}
		{A8C91D32-9F1B-4E7A-B147-9C5A86D4869E} = {827E0CD3-B72D-47B6-A68D-7590B98EB39B}
		{B39E8412-45DC-42A9-91EF-5B8B18CA6D71} = {0AB3BF05-4346-4AA6-1389-037BE0695223}
		{22D6F345-3C92-4789-8A16-77DE02D9823D} = {827E0CD3-B72D-47B6-A68D-7590B98EB39B}
		{FAFE787A-8514-4E1F-A508-255985E0E94F} = {0AB3BF05-4346-4AA6-1389-037BE0695223}
		{BBFFEF28-8949-4B05-91C1-95392E651AF5} = {827E0CD3-B72D-47B6-A68D-7590B98EB39B}
		{B9485A95-0148-4EBA-9E0B-C2F82E040280} = {0AB3BF05-4346-4AA6-1389-037BE0695223}
	EndGlobalSection
EndGlobal
